{
  "originHash" : "11128a2ceba3c42f2a6d1104b1f856442b35faff72d0f19d98d37345f7c6d324",
  "pins" : [
    {
      "identity" : "factory",
      "kind" : "remoteSourceControl",
      "location" : "https://github.com/hmlongco/Factory",
      "state" : {
        "revision" : "8c1c080cdf74188dd6aaa36d8d13206bb465f8f1",
        "version" : "3.0.4"
      }
    }
  ],
  "version" : 3
}
